
Microsoft Visual Studio Solution File, Format Version 12.00
# Visual Studio 15
VisualStudioVersion = 15.0.27004.2010
MinimumVisualStudioVersion = 10.0.40219.1
Project("{FAE04EC0-301F-11D3-BF4B-00C04F79EFBC}") = "Deer1", "Spooftify\Deer1.csproj", "{64BC7E6E-5CF9-4DA1-A0C3-32DDE6D298E2}"
EndProject
Project("{FAE04EC0-301F-11D3-BF4B-00C04F79EFBC}") = "ConsoleDeer1", "Console\ConsoleDeer1.csproj", "{C9BD9B3F-608C-4356-BFAF-F3568D5AA067}"
EndProject
Global
	GlobalSection(SolutionConfigurationPlatforms) = preSolution
		Debug|Any CPU = Debug|Any CPU
		Debug|x64 = Debug|x64
		Debug|x86 = Debug|x86
		Release|Any CPU = Release|Any CPU
		Release|x64 = Release|x64
		Release|x86 = Release|x86
	EndGlobalSection
	GlobalSection(ProjectConfigurationPlatforms) = postSolution
		{64BC7E6E-5CF9-4DA1-A0C3-32DDE6D298E2}.Debug|Any CPU.ActiveCfg = Debug|Any CPU
		{64BC7E6E-5CF9-4DA1-A0C3-32DDE6D298E2}.Debug|Any CPU.Build.0 = Debug|Any CPU
		{64BC7E6E-5CF9-4DA1-A0C3-32DDE6D298E2}.Debug|x64.ActiveCfg = Debug|Any CPU
		{64BC7E6E-5CF9-4DA1-A0C3-32DDE6D298E2}.Debug|x64.Build.0 = Debug|Any CPU
		{64BC7E6E-5CF9-4DA1-A0C3-32DDE6D298E2}.Debug|x86.ActiveCfg = Debug|Any CPU
		{64BC7E6E-5CF9-4DA1-A0C3-32DDE6D298E2}.Debug|x86.Build.0 = Debug|Any CPU
		{64BC7E6E-5CF9-4DA1-A0C3-32DDE6D298E2}.Release|Any CPU.ActiveCfg = Release|Any CPU
		{64BC7E6E-5CF9-4DA1-A0C3-32DDE6D298E2}.Release|Any CPU.Build.0 = Release|Any CPU
		{64BC7E6E-5CF9-4DA1-A0C3-32DDE6D298E2}.Release|x64.ActiveCfg = Release|Any CPU
		{64BC7E6E-5CF9-4DA1-A0C3-32DDE6D298E2}.Release|x64.Build.0 = Release|Any CPU
		{64BC7E6E-5CF9-4DA1-A0C3-32DDE6D298E2}.Release|x86.ActiveCfg = Release|Any CPU
		{64BC7E6E-5CF9-4DA1-A0C3-32DDE6D298E2}.Release|x86.Build.0 = Release|Any CPU
		{C9BD9B3F-608C-4356-BFAF-F3568D5AA067}.Debug|Any CPU.ActiveCfg = Debug|Any CPU
		{C9BD9B3F-608C-4356-BFAF-F3568D5AA067}.Debug|Any CPU.Build.0 = Debug|Any CPU
		{C9BD9B3F-608C-4356-BFAF-F3568D5AA067}.Debug|x64.ActiveCfg = Debug|Any CPU
		{C9BD9B3F-608C-4356-BFAF-F3568D5AA067}.Debug|x64.Build.0 = Debug|Any CPU
		{C9BD9B3F-608C-4356-BFAF-F3568D5AA067}.Debug|x86.ActiveCfg = Debug|Any CPU
		{C9BD9B3F-608C-4356-BFAF-F3568D5AA067}.Debug|x86.Build.0 = Debug|Any CPU
		{C9BD9B3F-608C-4356-BFAF-F3568D5AA067}.Release|Any CPU.ActiveCfg = Release|Any CPU
		{C9BD9B3F-608C-4356-BFAF-F3568D5AA067}.Release|Any CPU.Build.0 = Release|Any CPU
		{C9BD9B3F-608C-4356-BFAF-F3568D5AA067}.Release|x64.ActiveCfg = Release|Any CPU
		{C9BD9B3F-608C-4356-BFAF-F3568D5AA067}.Release|x64.Build.0 = Release|Any CPU
		{C9BD9B3F-608C-4356-BFAF-F3568D5AA067}.Release|x86.ActiveCfg = Release|Any CPU
		{C9BD9B3F-608C-4356-BFAF-F3568D5AA067}.Release|x86.Build.0 = Release|Any CPU
	EndGlobalSection
	GlobalSection(SolutionProperties) = preSolution
		HideSolutionNode = FALSE
	EndGlobalSection
	GlobalSection(ExtensibilityGlobals) = postSolution
		SolutionGuid = {85DAB902-D8BA-4AA3-8B24-FBD2586FB111}
	EndGlobalSection
EndGlobal
